<?xml version="1.0" encoding="utf-8"?>
<Project ToolsVersion="4.0" xmlns="http://schemas.microsoft.com/developer/msbuild/2003">
  <ItemGroup>
    <Filter Include="Файлы исходного кода">
      <UniqueIdentifier>{4FC737F1-C7A5-4376-A066-2A32D752A2FF}</UniqueIdentifier>
      <Extensions>cpp;c;cc;cxx;def;odl;idl;hpj;bat;asm;asmx</Extensions>
    </Filter>
    <Filter Include="Заголовочные файлы">
      <UniqueIdentifier>{93995380-89BD-4b04-88EB-625FBE52EBFB}</UniqueIdentifier>
      <Extensions>h;hh;hpp;hxx;hm;inl;inc;xsd</Extensions>
    </Filter>
    <Filter Include="Файлы ресурсов">
      <UniqueIdentifier>{67DA6AB6-F800-4c08-8B7A-83BB121AAD01}</UniqueIdentifier>
      <Extensions>rc;ico;cur;bmp;dlg;rc2;rct;bin;rgs;gif;jpg;jpeg;jpe;resx;tiff;tif;png;wav;mfcribbon-ms</Extensions>
    </Filter>
    <Filter Include="Заголовочные файлы\interface">
      <UniqueIdentifier>{0318159b-c0b6-4df6-8c9c-2f01c3d8d88d}</UniqueIdentifier>
    </Filter>
    <Filter Include="Заголовочные файлы\iterator">
      <UniqueIdentifier>{7cd6b3ca-6156-4714-a175-c6a974c613f6}</UniqueIdentifier>
    </Filter>
    <Filter Include="Заголовочные файлы\files">
      <UniqueIdentifier>{0588c029-8ca9-42c6-9bdf-2005f0facda4}</UniqueIdentifier>
    </Filter>
    <Filter Include="Заголовочные файлы\algorithm">
      <UniqueIdentifier>{9d3ef28b-dfce-44e5-8268-d8a736b49f98}</UniqueIdentifier>
    </Filter>
  </ItemGroup>
  <ItemGroup>
    <ClInclude Include="List.h">
      <Filter>Заголовочные файлы</Filter>
    </ClInclude>
    <ClInclude Include="MyExceptions.h">
      <Filter>Заголовочные файлы</Filter>
    </ClInclude>
    <ClInclude Include="Person.h">
      <Filter>Заголовочные файлы</Filter>
    </ClInclude>
    <ClInclude Include="TennisPlayer.h">
      <Filter>Заголовочные файлы</Filter>
    </ClInclude>
    <ClInclude Include="Footballer.h">
      <Filter>Заголовочные файлы</Filter>
    </ClInclude>
    <ClInclude Include="Menu.h">
      <Filter>Заголовочные файлы</Filter>
    </ClInclude>
    <ClInclude Include="TemplateFunction.h">
      <Filter>Заголовочные файлы</Filter>
    </ClInclude>
    <ClInclude Include="File.h">
      <Filter>Заголовочные файлы\files</Filter>
    </ClInclude>
    <ClInclude Include="TextFile.h">
      <Filter>Заголовочные файлы\files</Filter>
    </ClInclude>
    <ClInclude Include="Interface.h">
      <Filter>Заголовочные файлы\interface</Filter>
    </ClInclude>
    <ClInclude Include="BinaryFile.h">
      <Filter>Заголовочные файлы\files</Filter>
    </ClInclude>
    <ClInclude Include="ListIterator.h">
      <Filter>Заголовочные файлы\iterator</Filter>
    </ClInclude>
    <ClInclude Include="Algorithm.h">
      <Filter>Заголовочные файлы\algorithm</Filter>
    </ClInclude>
  </ItemGroup>
  <ItemGroup>
    <ClCompile Include="main.cpp">
      <Filter>Файлы исходного кода</Filter>
    </ClCompile>
    <ClCompile Include="Person.cpp">
      <Filter>Файлы исходного кода</Filter>
    </ClCompile>
    <ClCompile Include="TennisPlayer.cpp">
      <Filter>Файлы исходного кода</Filter>
    </ClCompile>
    <ClCompile Include="Footballer.cpp">
      <Filter>Файлы исходного кода</Filter>
    </ClCompile>
    <ClCompile Include="MyExceptions.cpp">
      <Filter>Файлы исходного кода</Filter>
    </ClCompile>
    <ClCompile Include="Menu.cpp">
      <Filter>Файлы исходного кода</Filter>
    </ClCompile>
  </ItemGroup>
</Project>